
Microsoft Visual Studio Solution File, Format Version 12.00
# Visual Studio Version 16
VisualStudioVersion = 16.0.29709.97
MinimumVisualStudioVersion = 10.0.40219.1
Project("{FAE04EC0-301F-11D3-BF4B-00C04F79EFBC}") = "Open-Lab-10.00", "Open-Lab-10.00\Open-Lab-10.00.csproj", "{543EAF9A-20EA-4FB2-8380-E66F73A95FD3}"
EndProject
Global
	GlobalSection(SolutionConfigurationPlatforms) = preSolution
		Debug|Any CPU = Debug|Any CPU
		Release|Any CPU = Release|Any CPU
	EndGlobalSection
	GlobalSection(ProjectConfigurationPlatforms) = postSolution
		{543EAF9A-20EA-4FB2-8380-E66F73A95FD3}.Debug|Any CPU.ActiveCfg = Debug|Any CPU
		{543EAF9A-20EA-4FB2-8380-E66F73A95FD3}.Debug|Any CPU.Build.0 = Debug|Any CPU
		{543EAF9A-20EA-4FB2-8380-E66F73A95FD3}.Release|Any CPU.ActiveCfg = Release|Any CPU
		{543EAF9A-20EA-4FB2-8380-E66F73A95FD3}.Release|Any CPU.Build.0 = Release|Any CPU
	EndGlobalSection
	GlobalSection(SolutionProperties) = preSolution
		HideSolutionNode = FALSE
	EndGlobalSection
	GlobalSection(ExtensibilityGlobals) = postSolution
		SolutionGuid = {8C2DCF84-7522-4861-9C03-7D483D86626D}
	EndGlobalSection
EndGlobal
